// !$*UTF8*$!
{
	archiveVersion = 1;
	classes = {
	};
	objectVersion = 46;
	objects = {

/* Begin PBXBuildFile section */
		684268C6193D64860063CCBB /* AppDelegate.swift in Sources */ = {isa = PBXBuildFile; fileRef = 684268C5193D64860063CCBB /* AppDelegate.swift */; };
		684268C8193D64860063CCBB /* ViewController.swift in Sources */ = {isa = PBXBuildFile; fileRef = 684268C7193D64860063CCBB /* ViewController.swift */; };
		684268CB193D64860063CCBB /* Main.storyboard in Resources */ = {isa = PBXBuildFile; fileRef = 684268C9193D64860063CCBB /* Main.storyboard */; };
		684268CD193D64860063CCBB /* Images.xcassets in Resources */ = {isa = PBXBuildFile; fileRef = 684268CC193D64860063CCBB /* Images.xcassets */; };
		684268D9193D64860063CCBB /* SwiftTestTests.swift in Sources */ = {isa = PBXBuildFile; fileRef = 684268D8193D64860063CCBB /* SwiftTestTests.swift */; };
/* End PBXBuildFile section */

/* Begin PBXContainerItemProxy section */
		684268D3193D64860063CCBB /* PBXContainerItemProxy */ = {
			isa = PBXContainerItemProxy;
			containerPortal = 684268B8193D64860063CCBB /* Project object */;
			proxyType = 1;
			remoteGlobalIDString = 684268BF193D64860063CCBB;
			remoteInfo = SwiftTest;
		};
/* End PBXContainerItemProxy section */

/* Begin PBXFileReference section */
		684268C0193D64860063CCBB /* SwiftTest.app */ = {isa = PBXFileReference; explicitFileType = wrapper.application; includeInIndex = 0; path = SwiftTest.app; sourceTree = BUILT_PRODUCTS_DIR; };
		684268C4193D64860063CCBB /* Info.plist */ = {isa = PBXFileReference; lastKnownFileType = text.plist.xml; path = Info.plist; sourceTree = "<group>"; };
		684268C5193D64860063CCBB /* AppDelegate.swift */ = {isa = PBXFileReference; lastKnownFileType = sourcecode.swift; path = AppDelegate.swift; sourceTree = "<group>"; };
		684268C7193D64860063CCBB /* ViewController.swift */ = {isa = PBXFileReference; lastKnownFileType = sourcecode.swift; path = ViewController.swift; sourceTree = "<group>"; };
		684268CA193D64860063CCBB /* Base */ = {isa = PBXFileReference; lastKnownFileType = file.storyboard; name = Base; path = Base.lproj/Main.storyboard; sourceTree = "<group>"; };
		684268CC193D64860063CCBB /* Images.xcassets */ = {isa = PBXFileReference; lastKnownFileType = folder.assetcatalog; path = Images.xcassets; sourceTree = "<group>"; };
		684268D2193D64860063CCBB /* SwiftTestTests.xctest */ = {isa = PBXFileReference; explicitFileType = wrapper.cfbundle; includeInIndex = 0; path = SwiftTestTests.xctest; sourceTree = BUILT_PRODUCTS_DIR; };
		684268D7193D64860063CCBB /* Info.plist */ = {isa = PBXFileReference; lastKnownFileType = text.plist.xml; path = Info.plist; sourceTree = "<group>"; };
		684268D8193D64860063CCBB /* SwiftTestTests.swift */ = {isa = PBXFileReference; lastKnownFileType = sourcecode.swift; path = SwiftTestTests.swift; sourceTree = "<group>"; };
/* End PBXFileReference section */

/* Begin PBXFrameworksBuildPhase section */
		684268BD193D64860063CCBB /* Frameworks */ = {
			isa = PBXFrameworksBuildPhase;
			buildActionMask = 2147483647;
			files = (
			);
			runOnlyForDeploymentPostprocessing = 0;
		};
		684268CF193D64860063CCBB /* Frameworks */ = {
			isa = PBXFrameworksBuildPhase;
			buildActionMask = 2147483647;
			files = (
			);
			runOnlyForDeploymentPostprocessing = 0;
		};
/* End PBXFrameworksBuildPhase section */

/* Begin PBXGroup section */
		684268B7193D64860063CCBB = {
			isa = PBXGroup;
			children = (
				684268C2193D64860063CCBB /* SwiftTest */,
				684268D5193D64860063CCBB /* SwiftTestTests */,
				684268C1193D64860063CCBB /* Products */,
			);
			sourceTree = "<group>";
		};
		684268C1193D64860063CCBB /* Products */ = {
			isa = PBXGroup;
			children = (
				684268C0193D64860063CCBB /* SwiftTest.app */,
				684268D2193D64860063CCBB /* SwiftTestTests.xctest */,
			);
			name = Products;
			sourceTree = "<group>";
		};
		684268C2193D64860063CCBB /* SwiftTest */ = {
			isa = PBXGroup;
			children = (
				684268C5193D64860063CCBB /* AppDelegate.swift */,
				684268C7193D64860063CCBB /* ViewController.swift */,
				684268C9193D64860063CCBB /* Main.storyboard */,
				684268CC193D64860063CCBB /* Images.xcassets */,
				684268C3193D64860063CCBB /* Supporting Files */,
			);
			path = SwiftTest;
			sourceTree = "<group>";
		};
		684268C3193D64860063CCBB /* Supporting Files */ = {
			isa = PBXGroup;
			children = (
				684268C4193D64860063CCBB /* Info.plist */,
			);
			name = "Supporting Files";
			sourceTree = "<group>";
		};
		684268D5193D64860063CCBB /* SwiftTestTests */ = {
			isa = PBXGroup;
			children = (
				684268D8193D64860063CCBB /* SwiftTestTests.swift */,
				684268D6193D64860063CCBB /* Supporting Files */,
			);
			path = SwiftTestTests;
			sourceTree = "<group>";
		};
		684268D6193D64860063CCBB /* Supporting Files */ = {
			isa = PBXGroup;
			children = (
				684268D7193D64860063CCBB /* Info.plist */,
			);
			name = "Supporting Files";
			sourceTree = "<group>";
		};
/* End PBXGroup section */

/* Begin PBXNativeTarget section */
		684268BF193D64860063CCBB /* SwiftTest */ = {
			isa = PBXNativeTarget;
			buildConfigurationList = 684268DC193D64860063CCBB /* Build configuration list for PBXNativeTarget "SwiftTest" */;
			buildPhases = (
				684268BC193D64860063CCBB /* Sources */,
				684268BD193D64860063CCBB /* Frameworks */,
				684268BE193D64860063CCBB /* Resources */,
			);
			buildRules = (
			);
			dependencies = (
			);
			name = SwiftTest;
			productName = SwiftTest;
			productReference = 684268C0193D64860063CCBB /* SwiftTest.app */;
			productType = "com.apple.product-type.application";
		};
		684268D1193D64860063CCBB /* SwiftTestTests */ = {
			isa = PBXNativeTarget;
			buildConfigurationList = 684268DF193D64860063CCBB /* Build configuration list for PBXNativeTarget "SwiftTestTests" */;
			buildPhases = (
				684268CE193D64860063CCBB /* Sources */,
				684268CF193D64860063CCBB /* Frameworks */,
				684268D0193D64860063CCBB /* Resources */,
			);
			buildRules = (
			);
			dependencies = (
				684268D4193D64860063CCBB /* PBXTargetDependency */,
			);
			name = SwiftTestTests;
			productName = SwiftTestTests;
			productReference = 684268D2193D64860063CCBB /* SwiftTestTests.xctest */;
			productType = "com.apple.product-type.bundle.unit-test";
		};
/* End PBXNativeTarget section */

/* Begin PBXProject section */
		684268B8193D64860063CCBB /* Project object */ = {
			isa = PBXProject;
			attributes = {
				LastUpgradeCheck = 0600;
				ORGANIZATIONNAME = "Josh Lapham";
				TargetAttributes = {
					684268BF193D64860063CCBB = {
						CreatedOnToolsVersion = 6.0;
					};
					684268D1193D64860063CCBB = {
						CreatedOnToolsVersion = 6.0;
						TestTargetID = 684268BF193D64860063CCBB;
					};
				};
			};
			buildConfigurationList = 684268BB193D64860063CCBB /* Build configuration list for PBXProject "SwiftTest" */;
			compatibilityVersion = "Xcode 3.2";
			developmentRegion = English;
			hasScannedForEncodings = 0;
			knownRegions = (
				en,
				Base,
			);
			mainGroup = 684268B7193D64860063CCBB;
			productRefGroup = 684268C1193D64860063CCBB /* Products */;
			projectDirPath = "";
			projectRoot = "";
			targets = (
				684268BF193D64860063CCBB /* SwiftTest */,
				684268D1193D64860063CCBB /* SwiftTestTests */,
			);
		};
/* End PBXProject section */

/* Begin PBXResourcesBuildPhase section */
		684268BE193D64860063CCBB /* Resources */ = {
			isa = PBXResourcesBuildPhase;
			buildActionMask = 2147483647;
			files = (
				684268CB193D64860063CCBB /* Main.storyboard in Resources */,
				684268CD193D64860063CCBB /* Images.xcassets in Resources */,
			);
			runOnlyForDeploymentPostprocessing = 0;
		};
		684268D0193D64860063CCBB /* Resources */ = {
			isa = PBXResourcesBuildPhase;
			buildActionMask = 2147483647;
			files = (
			);
			runOnlyForDeploymentPostprocessing = 0;
		};
/* End PBXResourcesBuildPhase section */

/* Begin PBXSourcesBuildPhase section */
		684268BC193D64860063CCBB /* Sources */ = {
			isa = PBXSourcesBuildPhase;
			buildActionMask = 2147483647;
			files = (
				684268C8193D64860063CCBB /* ViewController.swift in Sources */,
				684268C6193D64860063CCBB /* AppDelegate.swift in Sources */,
			);
			runOnlyForDeploymentPostprocessing = 0;
		};
		684268CE193D64860063CCBB /* Sources */ = {
			isa = PBXSourcesBuildPhase;
			buildActionMask = 2147483647;
			files = (
				684268D9193D64860063CCBB /* SwiftTestTests.swift in Sources */,
			);
			runOnlyForDeploymentPostprocessing = 0;
		};
/* End PBXSourcesBuildPhase section */

/* Begin PBXTargetDependency section */
		684268D4193D64860063CCBB /* PBXTargetDependency */ = {
			isa = PBXTargetDependency;
			target = 684268BF193D64860063CCBB /* SwiftTest */;
			targetProxy = 684268D3193D64860063CCBB /* PBXContainerItemProxy */;
		};
/* End PBXTargetDependency section */

/* Begin PBXVariantGroup section */
		684268C9193D64860063CCBB /* Main.storyboard */ = {
			isa = PBXVariantGroup;
			children = (
				684268CA193D64860063CCBB /* Base */,
			);
			name = Main.storyboard;
			sourceTree = "<group>";
		};
/* End PBXVariantGroup section */

/* Begin XCBuildConfiguration section */
		684268DA193D64860063CCBB /* Debug */ = {
			isa = XCBuildConfiguration;
			buildSettings = {
				ALWAYS_SEARCH_USER_PATHS = NO;
				CLANG_CXX_LANGUAGE_STANDARD = "gnu++0x";
				CLANG_CXX_LIBRARY = "libc++";
				CLANG_ENABLE_MODULES = YES;
				CLANG_ENABLE_OBJC_ARC = YES;
				CLANG_WARN_BOOL_CONVERSION = YES;
				CLANG_WARN_CONSTANT_CONVERSION = YES;
				CLANG_WARN_DIRECT_OBJC_ISA_USAGE = YES_ERROR;
				CLANG_WARN_EMPTY_BODY = YES;
				CLANG_WARN_ENUM_CONVERSION = YES;
				CLANG_WARN_INT_CONVERSION = YES;
				CLANG_WARN_OBJC_ROOT_CLASS = YES_ERROR;
				CLANG_WARN_UNREACHABLE_CODE = YES;
				CLANG_WARN__DUPLICATE_METHOD_MATCH = YES;
				"CODE_SIGN_IDENTITY[sdk=iphoneos*]" = "iPhone Developer";
				COPY_PHASE_STRIP = NO;
				ENABLE_STRICT_OBJC_MSGSEND = YES;
				GCC_C_LANGUAGE_STANDARD = gnu99;
				GCC_DYNAMIC_NO_PIC = NO;
				GCC_OPTIMIZATION_LEVEL = 0;
				GCC_PREPROCESSOR_DEFINITIONS = (
					"DEBUG=1",
					"$(inherited)",
				);
				GCC_SYMBOLS_PRIVATE_EXTERN = NO;
				GCC_WARN_64_TO_32_BIT_CONVERSION = YES;
				GCC_WARN_ABOUT_RETURN_TYPE = YES_ERROR;
				GCC_WARN_UNDECLARED_SELECTOR = YES;
				GCC_WARN_UNINITIALIZED_AUTOS = YES_AGGRESSIVE;
				GCC_WARN_UNUSED_FUNCTION = YES;
				GCC_WARN_UNUSED_VARIABLE = YES;
				IPHONEOS_DEPLOYMENT_TARGET = 8.0;
				METAL_ENABLE_DEBUG_INFO = YES;
				ONLY_ACTIVE_ARCH = YES;
				SDKROOT = iphoneos;
				SWIFT_OPTIMIZATION_LEVEL = "-Onone";
			};
			name = Debug;
		};
		684268DB193D64860063CCBB /* Release */ = {
			isa = XCBuildConfiguration;
			buildSettings = {
				ALWAYS_SEARCH_USER_PATHS = NO;
				CLANG_CXX_LANGUAGE_STANDARD = "gnu++0x";
				CLANG_CXX_LIBRARY = "libc++";
				CLANG_ENABLE_MODULES = YES;
				CLANG_ENABLE_OBJC_ARC = YES;
				CLANG_WARN_BOOL_CONVERSION = YES;
				CLANG_WARN_CONSTANT_CONVERSION = YES;
				CLANG_WARN_DIRECT_OBJC_ISA_USAGE = YES_ERROR;
				CLANG_WARN_EMPTY_BODY = YES;
				CLANG_WARN_ENUM_CONVERSION = YES;
				CLANG_WARN_INT_CONVERSION = YES;
				CLANG_WARN_OBJC_ROOT_CLASS = YES_ERROR;
				CLANG_WARN_UNREACHABLE_CODE = YES;
				CLANG_WARN__DUPLICATE_METHOD_MATCH = YES;
				"CODE_SIGN_IDENTITY[sdk=iphoneos*]" = "iPhone Developer";
				COPY_PHASE_STRIP = YES;
				ENABLE_NS_ASSERTIONS = NO;
				ENABLE_STRICT_OBJC_MSGSEND = YES;
				GCC_C_LANGUAGE_STANDARD = gnu99;
				GCC_WARN_64_TO_32_BIT_CONVERSION = YES;
				GCC_WARN_ABOUT_RETURN_TYPE = YES_ERROR;
				GCC_WARN_UNDECLARED_SELECTOR = YES;
				GCC_WARN_UNINITIALIZED_AUTOS = YES_AGGRESSIVE;
				GCC_WARN_UNUSED_FUNCTION = YES;
				GCC_WARN_UNUSED_VARIABLE = YES;
				IPHONEOS_DEPLOYMENT_TARGET = 8.0;
				METAL_ENABLE_DEBUG_INFO = NO;
				SDKROOT = iphoneos;
				VALIDATE_PRODUCT = YES;
			};
			name = Release;
		};
		684268DD193D64860063CCBB /* Debug */ = {
			isa = XCBuildConfiguration;
			buildSettings = {
				ASSETCATALOG_COMPILER_APPICON_NAME = AppIcon;
				ASSETCATALOG_COMPILER_LAUNCHIMAGE_NAME = LaunchImage;
				INFOPLIST_FILE = SwiftTest/Info.plist;
				LD_RUNPATH_SEARCH_PATHS = "$(inherited) @executable_path/Frameworks";
				PRODUCT_NAME = "$(TARGET_NAME)";
			};
			name = Debug;
		};
		684268DE193D64860063CCBB /* Release */ = {
			isa = XCBuildConfiguration;
			buildSettings = {
				ASSETCATALOG_COMPILER_APPICON_NAME = AppIcon;
				ASSETCATALOG_COMPILER_LAUNCHIMAGE_NAME = LaunchImage;
				INFOPLIST_FILE = SwiftTest/Info.plist;
				LD_RUNPATH_SEARCH_PATHS = "$(inherited) @executable_path/Frameworks";
				PRODUCT_NAME = "$(TARGET_NAME)";
			};
			name = Release;
		};
		684268E0193D64860063CCBB /* Debug */ = {
			isa = XCBuildConfiguration;
			buildSettings = {
				BUNDLE_LOADER = "$(BUILT_PRODUCTS_DIR)/SwiftTest.app/SwiftTest";
				FRAMEWORK_SEARCH_PATHS = (
					"$(SDKROOT)/Developer/Library/Frameworks",
					"$(inherited)",
				);
				GCC_PREPROCESSOR_DEFINITIONS = (
					"DEBUG=1",
					"$(inherited)",
				);
				INFOPLIST_FILE = SwiftTestTests/Info.plist;
				LD_RUNPATH_SEARCH_PATHS = "$(inherited) @executable_path/Frameworks @loader_path/Frameworks";
				METAL_ENABLE_DEBUG_INFO = YES;
				PRODUCT_NAME = "$(TARGET_NAME)";
				TEST_HOST = "$(BUNDLE_LOADER)";
			};
			name = Debug;
		};
		684268E1193D64860063CCBB /* Release */ = {
			isa = XCBuildConfiguration;
			buildSettings = {
				BUNDLE_LOADER = "$(BUILT_PRODUCTS_DIR)/SwiftTest.app/SwiftTest";
				FRAMEWORK_SEARCH_PATHS = (
					"$(SDKROOT)/Developer/Library/Frameworks",
					"$(inherited)",
				);
				INFOPLIST_FILE = SwiftTestTests/Info.plist;
				LD_RUNPATH_SEARCH_PATHS = "$(inherited) @executable_path/Frameworks @loader_path/Frameworks";
				METAL_ENABLE_DEBUG_INFO = NO;
				PRODUCT_NAME = "$(TARGET_NAME)";
				TEST_HOST = "$(BUNDLE_LOADER)";
			};
			name = Release;
		};
/* End XCBuildConfiguration section */

/* Begin XCConfigurationList section */
		684268BB193D64860063CCBB /* Build configuration list for PBXProject "SwiftTest" */ = {
			isa = XCConfigurationList;
			buildConfigurations = (
				684268DA193D64860063CCBB /* Debug */,
				684268DB193D64860063CCBB /* Release */,
			);
			defaultConfigurationIsVisible = 0;
			defaultConfigurationName = Release;
		};
		684268DC193D64860063CCBB /* Build configuration list for PBXNativeTarget "SwiftTest" */ = {
			isa = XCConfigurationList;
			buildConfigurations = (
				684268DD193D64860063CCBB /* Debug */,
				684268DE193D64860063CCBB /* Release */,
			);
			defaultConfigurationIsVisible = 0;
		};
		684268DF193D64860063CCBB /* Build configuration list for PBXNativeTarget "SwiftTestTests" */ = {
			isa = XCConfigurationList;
			buildConfigurations = (
				684268E0193D64860063CCBB /* Debug */,
				684268E1193D64860063CCBB /* Release */,
			);
			defaultConfigurationIsVisible = 0;
		};
/* End XCConfigurationList section */
	};
	rootObject = 684268B8193D64860063CCBB /* Project object */;
}
